
Microsoft Visual Studio Solution File, Format Version 12.00
# Visual Studio 15
VisualStudioVersion = 15.0.26430.12
MinimumVisualStudioVersion = 10.0.40219.1
Project("{FAE04EC0-301F-11D3-BF4B-00C04F79EFBC}") = "TwitterApp.Data", "TwitterApp.Data\TwitterApp.Data.csproj", "{9573C61D-A717-4BD0-B0F7-23255BFC3682}"
EndProject
Project("{FAE04EC0-301F-11D3-BF4B-00C04F79EFBC}") = "TwitterApp.Common", "TwitterApp.Common\TwitterApp.Common.csproj", "{E59718AE-09E9-47D6-B193-5285779D4F8F}"
EndProject
Project("{2150E333-8FDC-42A3-9474-1A3956D46DE8}") = "Unit Test", "Unit Test", "{73D8906A-2AB4-4858-883E-713E6F9B0BAF}"
EndProject
Project("{FAE04EC0-301F-11D3-BF4B-00C04F79EFBC}") = "TwitterApp.Data.Test", "TwitterApp.Data.Test\TwitterApp.Data.Test.csproj", "{94847631-0017-4CD9-8E51-D58BF471D2F5}"
EndProject
Project("{00D1A9C2-B5F0-4AF3-8072-F6C62B433612}") = "TwitterApp.UserData", "TwitterApp.UserData\TwitterApp.UserData.sqlproj", "{32853AF9-81A4-468B-9677-BC24081C3FAA}"
EndProject
Project("{FAE04EC0-301F-11D3-BF4B-00C04F79EFBC}") = "TwitterApp.Web", "TwitterApp.Web\TwitterApp.Web.csproj", "{7757332E-AA9F-4EE5-9D1B-5AD545CD7410}"
EndProject
Global
	GlobalSection(SolutionConfigurationPlatforms) = preSolution
		Debug|Any CPU = Debug|Any CPU
		Release|Any CPU = Release|Any CPU
	EndGlobalSection
	GlobalSection(ProjectConfigurationPlatforms) = postSolution
		{9573C61D-A717-4BD0-B0F7-23255BFC3682}.Debug|Any CPU.ActiveCfg = Debug|Any CPU
		{9573C61D-A717-4BD0-B0F7-23255BFC3682}.Debug|Any CPU.Build.0 = Debug|Any CPU
		{9573C61D-A717-4BD0-B0F7-23255BFC3682}.Release|Any CPU.ActiveCfg = Release|Any CPU
		{9573C61D-A717-4BD0-B0F7-23255BFC3682}.Release|Any CPU.Build.0 = Release|Any CPU
		{E59718AE-09E9-47D6-B193-5285779D4F8F}.Debug|Any CPU.ActiveCfg = Debug|Any CPU
		{E59718AE-09E9-47D6-B193-5285779D4F8F}.Debug|Any CPU.Build.0 = Debug|Any CPU
		{E59718AE-09E9-47D6-B193-5285779D4F8F}.Release|Any CPU.ActiveCfg = Release|Any CPU
		{E59718AE-09E9-47D6-B193-5285779D4F8F}.Release|Any CPU.Build.0 = Release|Any CPU
		{94847631-0017-4CD9-8E51-D58BF471D2F5}.Debug|Any CPU.ActiveCfg = Debug|Any CPU
		{94847631-0017-4CD9-8E51-D58BF471D2F5}.Debug|Any CPU.Build.0 = Debug|Any CPU
		{94847631-0017-4CD9-8E51-D58BF471D2F5}.Release|Any CPU.ActiveCfg = Release|Any CPU
		{94847631-0017-4CD9-8E51-D58BF471D2F5}.Release|Any CPU.Build.0 = Release|Any CPU
		{32853AF9-81A4-468B-9677-BC24081C3FAA}.Debug|Any CPU.ActiveCfg = Debug|Any CPU
		{32853AF9-81A4-468B-9677-BC24081C3FAA}.Debug|Any CPU.Build.0 = Debug|Any CPU
		{32853AF9-81A4-468B-9677-BC24081C3FAA}.Debug|Any CPU.Deploy.0 = Debug|Any CPU
		{32853AF9-81A4-468B-9677-BC24081C3FAA}.Release|Any CPU.ActiveCfg = Release|Any CPU
		{32853AF9-81A4-468B-9677-BC24081C3FAA}.Release|Any CPU.Build.0 = Release|Any CPU
		{32853AF9-81A4-468B-9677-BC24081C3FAA}.Release|Any CPU.Deploy.0 = Release|Any CPU
		{7757332E-AA9F-4EE5-9D1B-5AD545CD7410}.Debug|Any CPU.ActiveCfg = Debug|Any CPU
		{7757332E-AA9F-4EE5-9D1B-5AD545CD7410}.Debug|Any CPU.Build.0 = Debug|Any CPU
		{7757332E-AA9F-4EE5-9D1B-5AD545CD7410}.Release|Any CPU.ActiveCfg = Release|Any CPU
		{7757332E-AA9F-4EE5-9D1B-5AD545CD7410}.Release|Any CPU.Build.0 = Release|Any CPU
	EndGlobalSection
	GlobalSection(SolutionProperties) = preSolution
		HideSolutionNode = FALSE
	EndGlobalSection
	GlobalSection(NestedProjects) = preSolution
		{94847631-0017-4CD9-8E51-D58BF471D2F5} = {73D8906A-2AB4-4858-883E-713E6F9B0BAF}
	EndGlobalSection
EndGlobal
